
Microsoft Visual Studio Solution File, Format Version 12.00
# Visual Studio Version 17
VisualStudioVersion = 17.6.33723.286
MinimumVisualStudioVersion = 10.0.40219.1
Project("{9A19103F-16F7-4668-BE54-9A1E7A4F7556}") = "Rent_a_Car", "WebApplication4\Rent_a_Car.csproj", "{5C1A9526-C1BB-4014-AC78-15B0D48FD104}"
EndProject
Global
	GlobalSection(SolutionConfigurationPlatforms) = preSolution
		Debug|Any CPU = Debug|Any CPU
		Release|Any CPU = Release|Any CPU
	EndGlobalSection
	GlobalSection(ProjectConfigurationPlatforms) = postSolution
		{5C1A9526-C1BB-4014-AC78-15B0D48FD104}.Debug|Any CPU.ActiveCfg = Debug|Any CPU
		{5C1A9526-C1BB-4014-AC78-15B0D48FD104}.Debug|Any CPU.Build.0 = Debug|Any CPU
		{5C1A9526-C1BB-4014-AC78-15B0D48FD104}.Release|Any CPU.ActiveCfg = Release|Any CPU
		{5C1A9526-C1BB-4014-AC78-15B0D48FD104}.Release|Any CPU.Build.0 = Release|Any CPU
	EndGlobalSection
	GlobalSection(SolutionProperties) = preSolution
		HideSolutionNode = FALSE
	EndGlobalSection
	GlobalSection(ExtensibilityGlobals) = postSolution
		SolutionGuid = {DA44251A-B860-4243-8615-8DB277BAC26B}
	EndGlobalSection
EndGlobal
